
Microsoft Visual Studio Solution File, Format Version 12.00
# Visual Studio Version 16
VisualStudioVersion = 16.0.28714.193
MinimumVisualStudioVersion = 10.0.40219.1
Project("{888888A0-9F3D-457C-B088-3A5042F75D52}") = "orbsight", "orbsight.pyproj", "{591B1F76-262F-4373-87B0-9475BFB539CE}"
EndProject
Global
	GlobalSection(SolutionConfigurationPlatforms) = preSolution
		Debug|Any CPU = Debug|Any CPU
		Release|Any CPU = Release|Any CPU
	EndGlobalSection
	GlobalSection(ProjectConfigurationPlatforms) = postSolution
		{591B1F76-262F-4373-87B0-9475BFB539CE}.Debug|Any CPU.ActiveCfg = Debug|Any CPU
		{591B1F76-262F-4373-87B0-9475BFB539CE}.Debug|Any CPU.Build.0 = Debug|Any CPU
		{591B1F76-262F-4373-87B0-9475BFB539CE}.Release|Any CPU.ActiveCfg = Release|Any CPU
		{591B1F76-262F-4373-87B0-9475BFB539CE}.Release|Any CPU.Build.0 = Release|Any CPU
	EndGlobalSection
	GlobalSection(SolutionProperties) = preSolution
		HideSolutionNode = FALSE
	EndGlobalSection
	GlobalSection(ExtensibilityGlobals) = postSolution
		SolutionGuid = {466379BC-4274-495B-9FA5-9319923D86E3}
	EndGlobalSection
EndGlobal
